// !$*UTF8*$!
{
	archiveVersion = 1;
	classes = {
	};
	objectVersion = 56;
	objects = {

/* Begin PBXBuildFile section */
		9491B3F32F85707C00B1D1F4 /* FTPClientApp.swift in Sources */ = {isa = PBXBuildFile; fileRef = 9491B3F22F85707C00B1D1F4 /* FTPClientApp.swift */; };
		9491B3F72F85709F00B1D1F4 /* Assets.xcassets in Resources */ = {isa = PBXBuildFile; fileRef = 9491B3F62F85709F00B1D1F4 /* Assets.xcassets */; };
		9491B3FA2F85709F00B1D1F4 /* Preview Assets.xcassets in Resources */ = {isa = PBXBuildFile; fileRef = 9491B3F92F85709F00B1D1F4 /* Preview Assets.xcassets */; };
		9491B4062F8576B100B1D1F4 /* LoginForm.swift in Sources */ = {isa = PBXBuildFile; fileRef = 9491B4052F8576B100B1D1F4 /* LoginForm.swift */; };
		9491B40D2F85894E00B1D1F4 /* FTPError.swift in Sources */ = {isa = PBXBuildFile; fileRef = 9491B4092F85894C00B1D1F4 /* FTPError.swift */; };
		9491B40E2F85894E00B1D1F4 /* FTPUploadable.swift in Sources */ = {isa = PBXBuildFile; fileRef = 9491B40A2F85894D00B1D1F4 /* FTPUploadable.swift */; };
		9491B40F2F85894E00B1D1F4 /* SwiftFTPClient.swift in Sources */ = {isa = PBXBuildFile; fileRef = 9491B40C2F85894E00B1D1F4 /* SwiftFTPClient.swift */; };
		9491B4102F85894E00B1D1F4 /* FTPCredentials.swift in Sources */ = {isa = PBXBuildFile; fileRef = 9491B40B2F85894E00B1D1F4 /* FTPCredentials.swift */; };
/* End PBXBuildFile section */

/* Begin PBXFileReference section */
		9491B3EF2F85707C00B1D1F4 /* FTPClient.app */ = {isa = PBXFileReference; explicitFileType = wrapper.application; includeInIndex = 0; path = FTPClient.app; sourceTree = BUILT_PRODUCTS_DIR; };
		9491B3F22F85707C00B1D1F4 /* FTPClientApp.swift */ = {isa = PBXFileReference; lastKnownFileType = sourcecode.swift; path = FTPClientApp.swift; sourceTree = "<group>"; };
		9491B3F62F85709F00B1D1F4 /* Assets.xcassets */ = {isa = PBXFileReference; lastKnownFileType = folder.assetcatalog; path = Assets.xcassets; sourceTree = "<group>"; };
		9491B3F92F85709F00B1D1F4 /* Preview Assets.xcassets */ = {isa = PBXFileReference; lastKnownFileType = folder.assetcatalog; path = "Preview Assets.xcassets"; sourceTree = "<group>"; };
		9491B4052F8576B100B1D1F4 /* LoginForm.swift */ = {isa = PBXFileReference; lastKnownFileType = sourcecode.swift; path = LoginForm.swift; sourceTree = "<group>"; };
		9491B4092F85894C00B1D1F4 /* FTPError.swift */ = {isa = PBXFileReference; lastKnownFileType = sourcecode.swift; path = FTPError.swift; sourceTree = "<group>"; };
		9491B40A2F85894D00B1D1F4 /* FTPUploadable.swift */ = {isa = PBXFileReference; lastKnownFileType = sourcecode.swift; path = FTPUploadable.swift; sourceTree = "<group>"; };
		9491B40B2F85894E00B1D1F4 /* FTPCredentials.swift */ = {isa = PBXFileReference; lastKnownFileType = sourcecode.swift; path = FTPCredentials.swift; sourceTree = "<group>"; };
		9491B40C2F85894E00B1D1F4 /* SwiftFTPClient.swift */ = {isa = PBXFileReference; lastKnownFileType = sourcecode.swift; path = SwiftFTPClient.swift; sourceTree = "<group>"; };
/* End PBXFileReference section */

/* Begin PBXFrameworksBuildPhase section */
		9491B3EC2F85707B00B1D1F4 /* Frameworks */ = {
			isa = PBXFrameworksBuildPhase;
			buildActionMask = 2147483647;
			files = (
			);
			runOnlyForDeploymentPostprocessing = 0;
		};
/* End PBXFrameworksBuildPhase section */

/* Begin PBXGroup section */
		9491B3E62F85707B00B1D1F4 = {
			isa = PBXGroup;
			children = (
				9491B3F12F85707C00B1D1F4 /* FTPClient */,
				9491B3F02F85707C00B1D1F4 /* Products */,
			);
			sourceTree = "<group>";
		};
		9491B3F02F85707C00B1D1F4 /* Products */ = {
			isa = PBXGroup;
			children = (
				9491B3EF2F85707C00B1D1F4 /* FTPClient.app */,
			);
			name = Products;
			sourceTree = "<group>";
		};
		9491B3F12F85707C00B1D1F4 /* FTPClient */ = {
			isa = PBXGroup;
			children = (
				9491B40B2F85894E00B1D1F4 /* FTPCredentials.swift */,
				9491B4092F85894C00B1D1F4 /* FTPError.swift */,
				9491B40A2F85894D00B1D1F4 /* FTPUploadable.swift */,
				9491B40C2F85894E00B1D1F4 /* SwiftFTPClient.swift */,
				9491B3F22F85707C00B1D1F4 /* FTPClientApp.swift */,
				9491B4052F8576B100B1D1F4 /* LoginForm.swift */,
				9491B3F62F85709F00B1D1F4 /* Assets.xcassets */,
				9491B3F82F85709F00B1D1F4 /* Preview Content */,
			);
			path = FTPClient;
			sourceTree = "<group>";
		};
		9491B3F82F85709F00B1D1F4 /* Preview Content */ = {
			isa = PBXGroup;
			children = (
				9491B3F92F85709F00B1D1F4 /* Preview Assets.xcassets */,
			);
			path = "Preview Content";
			sourceTree = "<group>";
		};
/* End PBXGroup section */

/* Begin PBXNativeTarget section */
		9491B3EE2F85707B00B1D1F4 /* FTPClient */ = {
			isa = PBXNativeTarget;
			buildConfigurationList = 9491B3FD2F85709F00B1D1F4 /* Build configuration list for PBXNativeTarget "FTPClient" */;
			buildPhases = (
				9491B3EB2F85707B00B1D1F4 /* Sources */,
				9491B3EC2F85707B00B1D1F4 /* Frameworks */,
				9491B3ED2F85707B00B1D1F4 /* Resources */,
			);
			buildRules = (
			);
			dependencies = (
			);
			name = FTPClient;
			packageProductDependencies = (
			);
			productName = FTPClient;
			productReference = 9491B3EF2F85707C00B1D1F4 /* FTPClient.app */;
			productType = "com.apple.product-type.application";
		};
/* End PBXNativeTarget section */

/* Begin PBXProject section */
		9491B3E72F85707B00B1D1F4 /* Project object */ = {
			isa = PBXProject;
			attributes = {
				BuildIndependentTargetsInParallel = 1;
				LastSwiftUpdateCheck = 1520;
				LastUpgradeCheck = 1520;
				TargetAttributes = {
					9491B3EE2F85707B00B1D1F4 = {
						CreatedOnToolsVersion = 15.2;
					};
				};
			};
			buildConfigurationList = 9491B3EA2F85707B00B1D1F4 /* Build configuration list for PBXProject "FTPClient" */;
			compatibilityVersion = "Xcode 14.0";
			developmentRegion = en;
			hasScannedForEncodings = 0;
			knownRegions = (
				en,
				Base,
			);
			mainGroup = 9491B3E62F85707B00B1D1F4;
			packageReferences = (
			);
			productRefGroup = 9491B3F02F85707C00B1D1F4 /* Products */;
			projectDirPath = "";
			projectRoot = "";
			targets = (
				9491B3EE2F85707B00B1D1F4 /* FTPClient */,
			);
		};
/* End PBXProject section */

/* Begin PBXResourcesBuildPhase section */
		9491B3ED2F85707B00B1D1F4 /* Resources */ = {
			isa = PBXResourcesBuildPhase;
			buildActionMask = 2147483647;
			files = (
				9491B3FA2F85709F00B1D1F4 /* Preview Assets.xcassets in Resources */,
				9491B3F72F85709F00B1D1F4 /* Assets.xcassets in Resources */,
			);
			runOnlyForDeploymentPostprocessing = 0;
		};
/* End PBXResourcesBuildPhase section */

/* Begin PBXSourcesBuildPhase section */
		9491B3EB2F85707B00B1D1F4 /* Sources */ = {
			isa = PBXSourcesBuildPhase;
			buildActionMask = 2147483647;
			files = (
				9491B40F2F85894E00B1D1F4 /* SwiftFTPClient.swift in Sources */,
				9491B4102F85894E00B1D1F4 /* FTPCredentials.swift in Sources */,
				9491B40D2F85894E00B1D1F4 /* FTPError.swift in Sources */,
				9491B40E2F85894E00B1D1F4 /* FTPUploadable.swift in Sources */,
				9491B3F32F85707C00B1D1F4 /* FTPClientApp.swift in Sources */,
				9491B4062F8576B100B1D1F4 /* LoginForm.swift in Sources */,
			);
			runOnlyForDeploymentPostprocessing = 0;
		};
/* End PBXSourcesBuildPhase section */

/* Begin XCBuildConfiguration section */
		9491B3FB2F85709F00B1D1F4 /* Debug */ = {
			isa = XCBuildConfiguration;
			buildSettings = {
				ALWAYS_SEARCH_USER_PATHS = NO;
				ASSETCATALOG_COMPILER_GENERATE_SWIFT_ASSET_SYMBOL_EXTENSIONS = YES;
				CLANG_ANALYZER_NONNULL = YES;
				CLANG_ANALYZER_NUMBER_OBJECT_CONVERSION = YES_AGGRESSIVE;
				CLANG_CXX_LANGUAGE_STANDARD = "gnu++20";
				CLANG_ENABLE_MODULES = YES;
				CLANG_ENABLE_OBJC_ARC = YES;
				CLANG_ENABLE_OBJC_WEAK = YES;
				CLANG_WARN_BLOCK_CAPTURE_AUTORELEASING = YES;
				CLANG_WARN_BOOL_CONVERSION = YES;
				CLANG_WARN_COMMA = YES;
				CLANG_WARN_CONSTANT_CONVERSION = YES;
				CLANG_WARN_DEPRECATED_OBJC_IMPLEMENTATIONS = YES;
				CLANG_WARN_DIRECT_OBJC_ISA_USAGE = YES_ERROR;
				CLANG_WARN_DOCUMENTATION_COMMENTS = YES;
				CLANG_WARN_EMPTY_BODY = YES;
				CLANG_WARN_ENUM_CONVERSION = YES;
				CLANG_WARN_INFINITE_RECURSION = YES;
				CLANG_WARN_INT_CONVERSION = YES;
				CLANG_WARN_NON_LITERAL_NULL_CONVERSION = YES;
				CLANG_WARN_OBJC_IMPLICIT_RETAIN_SELF = YES;
				CLANG_WARN_OBJC_LITERAL_CONVERSION = YES;
				CLANG_WARN_OBJC_ROOT_CLASS = YES_ERROR;
				CLANG_WARN_QUOTED_INCLUDE_IN_FRAMEWORK_HEADER = YES;
				CLANG_WARN_RANGE_LOOP_ANALYSIS = YES;
				CLANG_WARN_STRICT_PROTOTYPES = YES;
				CLANG_WARN_SUSPICIOUS_MOVE = YES;
				CLANG_WARN_UNGUARDED_AVAILABILITY = YES_AGGRESSIVE;
				CLANG_WARN_UNREACHABLE_CODE = YES;
				CLANG_WARN__DUPLICATE_METHOD_MATCH = YES;
				COPY_PHASE_STRIP = NO;
				DEBUG_INFORMATION_FORMAT = dwarf;
				ENABLE_STRICT_OBJC_MSGSEND = YES;
				ENABLE_TESTABILITY = YES;
				ENABLE_USER_SCRIPT_SANDBOXING = YES;
				GCC_C_LANGUAGE_STANDARD = gnu17;
				GCC_DYNAMIC_NO_PIC = NO;
				GCC_NO_COMMON_BLOCKS = YES;
				GCC_OPTIMIZATION_LEVEL = 0;
				GCC_PREPROCESSOR_DEFINITIONS = (
					"DEBUG=1",
					"$(inherited)",
				);
				GCC_WARN_64_TO_32_BIT_CONVERSION = YES;
				GCC_WARN_ABOUT_RETURN_TYPE = YES_ERROR;
				GCC_WARN_UNDECLARED_SELECTOR = YES;
				GCC_WARN_UNINITIALIZED_AUTOS = YES_AGGRESSIVE;
				GCC_WARN_UNUSED_FUNCTION = YES;
				GCC_WARN_UNUSED_VARIABLE = YES;
				IPHONEOS_DEPLOYMENT_TARGET = 17.2;
				LOCALIZATION_PREFERS_STRING_CATALOGS = YES;
				MTL_ENABLE_DEBUG_INFO = INCLUDE_SOURCE;
				MTL_FAST_MATH = YES;
				ONLY_ACTIVE_ARCH = YES;
				SDKROOT = iphoneos;
				SWIFT_ACTIVE_COMPILATION_CONDITIONS = "DEBUG $(inherited)";
				SWIFT_OPTIMIZATION_LEVEL = "-Onone";
			};
			name = Debug;
		};
		9491B3FC2F85709F00B1D1F4 /* Release */ = {
			isa = XCBuildConfiguration;
			buildSettings = {
				ALWAYS_SEARCH_USER_PATHS = NO;
				ASSETCATALOG_COMPILER_GENERATE_SWIFT_ASSET_SYMBOL_EXTENSIONS = YES;
				CLANG_ANALYZER_NONNULL = YES;
				CLANG_ANALYZER_NUMBER_OBJECT_CONVERSION = YES_AGGRESSIVE;
				CLANG_CXX_LANGUAGE_STANDARD = "gnu++20";
				CLANG_ENABLE_MODULES = YES;
				CLANG_ENABLE_OBJC_ARC = YES;
				CLANG_ENABLE_OBJC_WEAK = YES;
				CLANG_WARN_BLOCK_CAPTURE_AUTORELEASING = YES;
				CLANG_WARN_BOOL_CONVERSION = YES;
				CLANG_WARN_COMMA = YES;
				CLANG_WARN_CONSTANT_CONVERSION = YES;
				CLANG_WARN_DEPRECATED_OBJC_IMPLEMENTATIONS = YES;
				CLANG_WARN_DIRECT_OBJC_ISA_USAGE = YES_ERROR;
				CLANG_WARN_DOCUMENTATION_COMMENTS = YES;
				CLANG_WARN_EMPTY_BODY = YES;
				CLANG_WARN_ENUM_CONVERSION = YES;
				CLANG_WARN_INFINITE_RECURSION = YES;
				CLANG_WARN_INT_CONVERSION = YES;
				CLANG_WARN_NON_LITERAL_NULL_CONVERSION = YES;
				CLANG_WARN_OBJC_IMPLICIT_RETAIN_SELF = YES;
				CLANG_WARN_OBJC_LITERAL_CONVERSION = YES;
				CLANG_WARN_OBJC_ROOT_CLASS = YES_ERROR;
				CLANG_WARN_QUOTED_INCLUDE_IN_FRAMEWORK_HEADER = YES;
				CLANG_WARN_RANGE_LOOP_ANALYSIS = YES;
				CLANG_WARN_STRICT_PROTOTYPES = YES;
				CLANG_WARN_SUSPICIOUS_MOVE = YES;
				CLANG_WARN_UNGUARDED_AVAILABILITY = YES_AGGRESSIVE;
				CLANG_WARN_UNREACHABLE_CODE = YES;
				CLANG_WARN__DUPLICATE_METHOD_MATCH = YES;
				COPY_PHASE_STRIP = NO;
				DEBUG_INFORMATION_FORMAT = "dwarf-with-dsym";
				ENABLE_NS_ASSERTIONS = NO;
				ENABLE_STRICT_OBJC_MSGSEND = YES;
				ENABLE_USER_SCRIPT_SANDBOXING = YES;
				GCC_C_LANGUAGE_STANDARD = gnu17;
				GCC_NO_COMMON_BLOCKS = YES;
				GCC_WARN_64_TO_32_BIT_CONVERSION = YES;
				GCC_WARN_ABOUT_RETURN_TYPE = YES_ERROR;
				GCC_WARN_UNDECLARED_SELECTOR = YES;
				GCC_WARN_UNINITIALIZED_AUTOS = YES_AGGRESSIVE;
				GCC_WARN_UNUSED_FUNCTION = YES;
				GCC_WARN_UNUSED_VARIABLE = YES;
				IPHONEOS_DEPLOYMENT_TARGET = 17.2;
				LOCALIZATION_PREFERS_STRING_CATALOGS = YES;
				MTL_ENABLE_DEBUG_INFO = NO;
				MTL_FAST_MATH = YES;
				SDKROOT = iphoneos;
				SWIFT_COMPILATION_MODE = wholemodule;
				VALIDATE_PRODUCT = YES;
			};
			name = Release;
		};
		9491B3FE2F85709F00B1D1F4 /* Debug */ = {
			isa = XCBuildConfiguration;
			buildSettings = {
				ASSETCATALOG_COMPILER_APPICON_NAME = AppIcon;
				ASSETCATALOG_COMPILER_GLOBAL_ACCENT_COLOR_NAME = AccentColor;
				CODE_SIGN_STYLE = Automatic;
				CURRENT_PROJECT_VERSION = 1;
				DEVELOPMENT_ASSET_PATHS = "\"FTPClient/Preview Content\"";
				ENABLE_PREVIEWS = YES;
				GENERATE_INFOPLIST_FILE = YES;
				INFOPLIST_KEY_CFBundleDisplayName = "philh.myftp.biz Backup";
				INFOPLIST_KEY_LSApplicationCategoryType = "public.app-category.developer-tools";
				INFOPLIST_KEY_UIApplicationSceneManifest_Generation = YES;
				INFOPLIST_KEY_UIApplicationSupportsIndirectInputEvents = YES;
				INFOPLIST_KEY_UILaunchScreen_Generation = YES;
				INFOPLIST_KEY_UISupportedInterfaceOrientations = UIInterfaceOrientationPortrait;
				LD_RUNPATH_SEARCH_PATHS = (
					"$(inherited)",
					"@executable_path/Frameworks",
				);
				MARKETING_VERSION = 1.0;
				PRODUCT_BUNDLE_IDENTIFIER = minefarts.FTPClient;
				PRODUCT_NAME = "$(TARGET_NAME)";
				SUPPORTED_PLATFORMS = "iphoneos iphonesimulator";
				SUPPORTS_MACCATALYST = NO;
				SUPPORTS_MAC_DESIGNED_FOR_IPHONE_IPAD = NO;
				SUPPORTS_XR_DESIGNED_FOR_IPHONE_IPAD = NO;
				SWIFT_EMIT_LOC_STRINGS = YES;
				SWIFT_VERSION = 5.0;
				TARGETED_DEVICE_FAMILY = "1,2";
			};
			name = Debug;
		};
		9491B3FF2F85709F00B1D1F4 /* Release */ = {
			isa = XCBuildConfiguration;
			buildSettings = {
				ASSETCATALOG_COMPILER_APPICON_NAME = AppIcon;
				ASSETCATALOG_COMPILER_GLOBAL_ACCENT_COLOR_NAME = AccentColor;
				CODE_SIGN_STYLE = Automatic;
				CURRENT_PROJECT_VERSION = 1;
				DEVELOPMENT_ASSET_PATHS = "\"FTPClient/Preview Content\"";
				ENABLE_PREVIEWS = YES;
				GENERATE_INFOPLIST_FILE = YES;
				INFOPLIST_KEY_CFBundleDisplayName = "philh.myftp.biz Backup";
				INFOPLIST_KEY_LSApplicationCategoryType = "public.app-category.developer-tools";
				INFOPLIST_KEY_UIApplicationSceneManifest_Generation = YES;
				INFOPLIST_KEY_UIApplicationSupportsIndirectInputEvents = YES;
				INFOPLIST_KEY_UILaunchScreen_Generation = YES;
				INFOPLIST_KEY_UISupportedInterfaceOrientations = UIInterfaceOrientationPortrait;
				LD_RUNPATH_SEARCH_PATHS = (
					"$(inherited)",
					"@executable_path/Frameworks",
				);
				MARKETING_VERSION = 1.0;
				PRODUCT_BUNDLE_IDENTIFIER = minefarts.FTPClient;
				PRODUCT_NAME = "$(TARGET_NAME)";
				SUPPORTED_PLATFORMS = "iphoneos iphonesimulator";
				SUPPORTS_MACCATALYST = NO;
				SUPPORTS_MAC_DESIGNED_FOR_IPHONE_IPAD = NO;
				SUPPORTS_XR_DESIGNED_FOR_IPHONE_IPAD = NO;
				SWIFT_EMIT_LOC_STRINGS = YES;
				SWIFT_VERSION = 5.0;
				TARGETED_DEVICE_FAMILY = "1,2";
			};
			name = Release;
		};
/* End XCBuildConfiguration section */

/* Begin XCConfigurationList section */
		9491B3EA2F85707B00B1D1F4 /* Build configuration list for PBXProject "FTPClient" */ = {
			isa = XCConfigurationList;
			buildConfigurations = (
				9491B3FB2F85709F00B1D1F4 /* Debug */,
				9491B3FC2F85709F00B1D1F4 /* Release */,
			);
			defaultConfigurationIsVisible = 0;
			defaultConfigurationName = Release;
		};
		9491B3FD2F85709F00B1D1F4 /* Build configuration list for PBXNativeTarget "FTPClient" */ = {
			isa = XCConfigurationList;
			buildConfigurations = (
				9491B3FE2F85709F00B1D1F4 /* Debug */,
				9491B3FF2F85709F00B1D1F4 /* Release */,
			);
			defaultConfigurationIsVisible = 0;
			defaultConfigurationName = Release;
		};
/* End XCConfigurationList section */
	};
	rootObject = 9491B3E72F85707B00B1D1F4 /* Project object */;
}
