{
  "pins" : [
    {
      "identity" : "swiftftpclient",
      "kind" : "remoteSourceControl",
      "location" : "https://github.com/fenixkim/SwiftFTPClient.git",
      "state" : {
        "revision" : "497085dfe7907986afda9e70de7975400a9ce6a6",
        "version" : "1.0.1"
      }
    }
  ],
  "version" : 2
}
